Microsoft Visual Studio Solution File, Format Version 12.00
# Visual Studio Version 17
VisualStudioVersion = 17.5.2.0
MinimumVisualStudioVersion = 10.0.40219.1
Project("{FAE04EC0-301F-11D3-BF4B-00C04F79EFBC}") = "PrithuTrainingApp", "PrithuTrainingApp.csproj", "{49D45BDD-D109-4CC2-0C28-141772CC7FDB}"
EndProject
Global
	GlobalSection(SolutionConfigurationPlatforms) = preSolution
		Debug|Any CPU = Debug|Any CPU
		Release|Any CPU = Release|Any CPU
	EndGlobalSection
	GlobalSection(ProjectConfigurationPlatforms) = postSolution
		{49D45BDD-D109-4CC2-0C28-141772CC7FDB}.Debug|Any CPU.ActiveCfg = Debug|Any CPU
		{49D45BDD-D109-4CC2-0C28-141772CC7FDB}.Debug|Any CPU.Build.0 = Debug|Any CPU
		{49D45BDD-D109-4CC2-0C28-141772CC7FDB}.Release|Any CPU.ActiveCfg = Release|Any CPU
		{49D45BDD-D109-4CC2-0C28-141772CC7FDB}.Release|Any CPU.Build.0 = Release|Any CPU
	EndGlobalSection
	GlobalSection(SolutionProperties) = preSolution
		HideSolutionNode = FALSE
	EndGlobalSection
	GlobalSection(ExtensibilityGlobals) = postSolution
		SolutionGuid = {1217EDAE-11BB-4895-8417-8AD9B370413D}
	EndGlobalSection
EndGlobal
